
Microsoft Visual Studio Solution File, Format Version 12.00
# Visual Studio 15
VisualStudioVersion = 15.0.27703.2042
MinimumVisualStudioVersion = 10.0.40219.1
Project("{FAE04EC0-301F-11D3-BF4B-00C04F79EFBC}") = "WriteExcelData", "WriteExcelData\WriteExcelData.csproj", "{306DDA9C-2EB9-46DD-A660-676028271EB6}"
EndProject
Project("{FAE04EC0-301F-11D3-BF4B-00C04F79EFBC}") = "TestExcelSolar", "TestExcelSolar\TestExcelSolar.csproj", "{CC874D1A-561C-4D71-8467-859E9770B29C}"
EndProject
Project("{FAE04EC0-301F-11D3-BF4B-00C04F79EFBC}") = "CopyFile", "CopyFile\CopyFile.csproj", "{21C5206A-4F4B-4A62-874C-ABFEEBCCA85A}"
EndProject
Project("{FAE04EC0-301F-11D3-BF4B-00C04F79EFBC}") = "ConsoleAppNewLib", "ConsoleAppNewLib\ConsoleAppNewLib.csproj", "{AE2AD29C-2B2A-4C9A-8748-7F83F41D8F5B}"
EndProject
Project("{FAE04EC0-301F-11D3-BF4B-00C04F79EFBC}") = "NModbus", "NModbus\NModbus.csproj", "{D385612C-94E8-4FD3-AEF3-8419DBC99D18}"
EndProject
Global
	GlobalSection(SolutionConfigurationPlatforms) = preSolution
		Debug|Any CPU = Debug|Any CPU
		Release|Any CPU = Release|Any CPU
	EndGlobalSection
	GlobalSection(ProjectConfigurationPlatforms) = postSolution
		{306DDA9C-2EB9-46DD-A660-676028271EB6}.Debug|Any CPU.ActiveCfg = Debug|Any CPU
		{306DDA9C-2EB9-46DD-A660-676028271EB6}.Debug|Any CPU.Build.0 = Debug|Any CPU
		{306DDA9C-2EB9-46DD-A660-676028271EB6}.Release|Any CPU.ActiveCfg = Release|Any CPU
		{306DDA9C-2EB9-46DD-A660-676028271EB6}.Release|Any CPU.Build.0 = Release|Any CPU
		{CC874D1A-561C-4D71-8467-859E9770B29C}.Debug|Any CPU.ActiveCfg = Debug|Any CPU
		{CC874D1A-561C-4D71-8467-859E9770B29C}.Debug|Any CPU.Build.0 = Debug|Any CPU
		{CC874D1A-561C-4D71-8467-859E9770B29C}.Release|Any CPU.ActiveCfg = Release|Any CPU
		{CC874D1A-561C-4D71-8467-859E9770B29C}.Release|Any CPU.Build.0 = Release|Any CPU
		{21C5206A-4F4B-4A62-874C-ABFEEBCCA85A}.Debug|Any CPU.ActiveCfg = Debug|Any CPU
		{21C5206A-4F4B-4A62-874C-ABFEEBCCA85A}.Debug|Any CPU.Build.0 = Debug|Any CPU
		{21C5206A-4F4B-4A62-874C-ABFEEBCCA85A}.Release|Any CPU.ActiveCfg = Release|Any CPU
		{21C5206A-4F4B-4A62-874C-ABFEEBCCA85A}.Release|Any CPU.Build.0 = Release|Any CPU
		{AE2AD29C-2B2A-4C9A-8748-7F83F41D8F5B}.Debug|Any CPU.ActiveCfg = Debug|Any CPU
		{AE2AD29C-2B2A-4C9A-8748-7F83F41D8F5B}.Debug|Any CPU.Build.0 = Debug|Any CPU
		{AE2AD29C-2B2A-4C9A-8748-7F83F41D8F5B}.Release|Any CPU.ActiveCfg = Release|Any CPU
		{AE2AD29C-2B2A-4C9A-8748-7F83F41D8F5B}.Release|Any CPU.Build.0 = Release|Any CPU
		{D385612C-94E8-4FD3-AEF3-8419DBC99D18}.Debug|Any CPU.ActiveCfg = Debug|Any CPU
		{D385612C-94E8-4FD3-AEF3-8419DBC99D18}.Debug|Any CPU.Build.0 = Debug|Any CPU
		{D385612C-94E8-4FD3-AEF3-8419DBC99D18}.Release|Any CPU.ActiveCfg = Release|Any CPU
		{D385612C-94E8-4FD3-AEF3-8419DBC99D18}.Release|Any CPU.Build.0 = Release|Any CPU
	EndGlobalSection
	GlobalSection(SolutionProperties) = preSolution
		HideSolutionNode = FALSE
	EndGlobalSection
	GlobalSection(ExtensibilityGlobals) = postSolution
		SolutionGuid = {8F251E90-7CD1-48F3-A114-31FC9D345F16}
	EndGlobalSection
EndGlobal
